PODS:
  - AnyThinkiOS (6.3.75):
    - AnyThinkiOS/AnyThinkSDK (= 6.3.75)
  - AnyThinkiOS/AnyThinkSDK (6.3.75)
  - HXSDK (4.1.1):
    - PTGAdFramework (~> 2.2.80)
  - PTGAdFramework (2.2.80)

DEPENDENCIES:
  - AnyThinkiOS (= 6.3.75)
  - HXSDK (~> 4.1.1)

SPEC REPOS:
  trunk:
    - AnyThinkiOS
    - HXSDK
    - PTGAdFramework

SPEC CHECKSUMS:
  AnyThinkiOS: 62fad7c352ff14639d0c0bc1496e874e3e11c271
  HXSDK: 9b180f47c14c0bc962297a374468177b8a8cc2a4
  PTGAdFramework: bc4153b8e204a7f810a910d829735e54acbc040f

PODFILE CHECKSUM: f0d6725ed543dced688f054454ecf414e89b1a98

COCOAPODS: 1.16.2
