PODS:
  - AnyThinkiOS (6.3.75):
    - AnyThinkiOS/AnyThinkSDK (= 6.3.75)
  - AnyThinkiOS/AnyThinkSDK (6.3.75)
  - HXSDK (4.4.1):
    - HXSDK/Core (= 4.4.1)
    - PTGAdFramework (~> 2.2.80)
  - HXSDK/Core (4.4.1):
    - PTGAdFramework (~> 2.2.80)
  - PTGAdFramework (2.2.80)

DEPENDENCIES:
  - AnyThinkiOS (= 6.3.75)
  - HXSDK (~> 4.4.1)

SPEC REPOS:
  trunk:
    - AnyThinkiOS
    - HXSDK
    - PTGAdFramework

SPEC CHECKSUMS:
  AnyThinkiOS: 62fad7c352ff14639d0c0bc1496e874e3e11c271
  HXSDK: 52d91b0093ad7ed81f4ca956f06bbde6108654e3
  PTGAdFramework: bc4153b8e204a7f810a910d829735e54acbc040f

PODFILE CHECKSUM: 336085f678088a0ff46460b6a1fb8fc12e77ae66

COCOAPODS: 1.16.2
